
Microsoft Visual Studio Solution File, Format Version 12.00
# Visual Studio Version 17
VisualStudioVersion = 17.11.35327.3
MinimumVisualStudioVersion = 10.0.40219.1
Project("{2150E333-8FDC-42A3-9474-1A3956D46DE8}") = "_Extra", "_Extra", "{02188ADC-7918-482F-BBC8-5F82966A45F3}"
	ProjectSection(SolutionItems) = preProject
		.editorconfig = .editorconfig
		.gitattributes = .gitattributes
		.gitignore = .gitignore
		LICENSE = LICENSE
		README.md = README.md
	EndProjectSection
EndProject
Project("{2150E333-8FDC-42A3-9474-1A3956D46DE8}") = "src", "src", "{D2B35330-08F5-4D5F-A728-F10546A4FD61}"
EndProject
Project("{9A19103F-16F7-4668-BE54-9A1E7A4F7556}") = "Models", "src\Models\Models.csproj", "{B1BEF3F1-8802-4A44-B5E9-DF5DD30C8CEC}"
EndProject
Project("{9A19103F-16F7-4668-BE54-9A1E7A4F7556}") = "SourceGeneratorsTest", "src\SourceGeneratorsTest\SourceGeneratorsTest.csproj", "{0242A397-3B55-4173-94A8-E0ED540BC0CF}"
EndProject
Project("{9A19103F-16F7-4668-BE54-9A1E7A4F7556}") = "CreateCsvFileConsole", "src\CreateCsvFileConsole\CreateCsvFileConsole.csproj", "{30C4FF58-2885-4813-87D3-6CDB05D53C99}"
EndProject
Project("{9A19103F-16F7-4668-BE54-9A1E7A4F7556}") = "Configuration", "src\Configuration\Configuration.csproj", "{1838F614-6036-4126-812D-4A7C4460A2FE}"
EndProject
Project("{9A19103F-16F7-4668-BE54-9A1E7A4F7556}") = "SourceGeneratorsSetProperty", "src\SourceGeneratorsSetProperty\SourceGeneratorsSetProperty.csproj", "{0951A54E-9614-47A7-8BAB-253807BF6513}"
EndProject
Project("{9A19103F-16F7-4668-BE54-9A1E7A4F7556}") = "Utilities", "src\Utilities\Utilities.csproj", "{07E97BD9-468A-4FCC-B2C8-53D9F40AAD6A}"
EndProject
Project("{9A19103F-16F7-4668-BE54-9A1E7A4F7556}") = "ReflectionSimple", "src\ReflectionSimple\ReflectionSimple.csproj", "{58297207-6842-4EC7-A9A3-CBD4C47D5D9B}"
EndProject
Project("{9A19103F-16F7-4668-BE54-9A1E7A4F7556}") = "ReflectionSpan", "src\ReflectionSpan\ReflectionSpan.csproj", "{B51B3354-2144-4DF2-BFCE-A98B7FAC8D61}"
EndProject
Global
	GlobalSection(SolutionConfigurationPlatforms) = preSolution
		Debug|Any CPU = Debug|Any CPU
		Release|Any CPU = Release|Any CPU
	EndGlobalSection
	GlobalSection(ProjectConfigurationPlatforms) = postSolution
		{B1BEF3F1-8802-4A44-B5E9-DF5DD30C8CEC}.Debug|Any CPU.ActiveCfg = Debug|Any CPU
		{B1BEF3F1-8802-4A44-B5E9-DF5DD30C8CEC}.Debug|Any CPU.Build.0 = Debug|Any CPU
		{B1BEF3F1-8802-4A44-B5E9-DF5DD30C8CEC}.Release|Any CPU.ActiveCfg = Release|Any CPU
		{B1BEF3F1-8802-4A44-B5E9-DF5DD30C8CEC}.Release|Any CPU.Build.0 = Release|Any CPU
		{0242A397-3B55-4173-94A8-E0ED540BC0CF}.Debug|Any CPU.ActiveCfg = Debug|Any CPU
		{0242A397-3B55-4173-94A8-E0ED540BC0CF}.Debug|Any CPU.Build.0 = Debug|Any CPU
		{0242A397-3B55-4173-94A8-E0ED540BC0CF}.Release|Any CPU.ActiveCfg = Release|Any CPU
		{0242A397-3B55-4173-94A8-E0ED540BC0CF}.Release|Any CPU.Build.0 = Release|Any CPU
		{30C4FF58-2885-4813-87D3-6CDB05D53C99}.Debug|Any CPU.ActiveCfg = Debug|Any CPU
		{30C4FF58-2885-4813-87D3-6CDB05D53C99}.Debug|Any CPU.Build.0 = Debug|Any CPU
		{30C4FF58-2885-4813-87D3-6CDB05D53C99}.Release|Any CPU.ActiveCfg = Release|Any CPU
		{30C4FF58-2885-4813-87D3-6CDB05D53C99}.Release|Any CPU.Build.0 = Release|Any CPU
		{1838F614-6036-4126-812D-4A7C4460A2FE}.Debug|Any CPU.ActiveCfg = Debug|Any CPU
		{1838F614-6036-4126-812D-4A7C4460A2FE}.Debug|Any CPU.Build.0 = Debug|Any CPU
		{1838F614-6036-4126-812D-4A7C4460A2FE}.Release|Any CPU.ActiveCfg = Release|Any CPU
		{1838F614-6036-4126-812D-4A7C4460A2FE}.Release|Any CPU.Build.0 = Release|Any CPU
		{0951A54E-9614-47A7-8BAB-253807BF6513}.Debug|Any CPU.ActiveCfg = Debug|Any CPU
		{0951A54E-9614-47A7-8BAB-253807BF6513}.Debug|Any CPU.Build.0 = Debug|Any CPU
		{0951A54E-9614-47A7-8BAB-253807BF6513}.Release|Any CPU.ActiveCfg = Release|Any CPU
		{0951A54E-9614-47A7-8BAB-253807BF6513}.Release|Any CPU.Build.0 = Release|Any CPU
		{07E97BD9-468A-4FCC-B2C8-53D9F40AAD6A}.Debug|Any CPU.ActiveCfg = Debug|Any CPU
		{07E97BD9-468A-4FCC-B2C8-53D9F40AAD6A}.Debug|Any CPU.Build.0 = Debug|Any CPU
		{07E97BD9-468A-4FCC-B2C8-53D9F40AAD6A}.Release|Any CPU.ActiveCfg = Release|Any CPU
		{07E97BD9-468A-4FCC-B2C8-53D9F40AAD6A}.Release|Any CPU.Build.0 = Release|Any CPU
		{58297207-6842-4EC7-A9A3-CBD4C47D5D9B}.Debug|Any CPU.ActiveCfg = Debug|Any CPU
		{58297207-6842-4EC7-A9A3-CBD4C47D5D9B}.Debug|Any CPU.Build.0 = Debug|Any CPU
		{58297207-6842-4EC7-A9A3-CBD4C47D5D9B}.Release|Any CPU.ActiveCfg = Release|Any CPU
		{58297207-6842-4EC7-A9A3-CBD4C47D5D9B}.Release|Any CPU.Build.0 = Release|Any CPU
		{B51B3354-2144-4DF2-BFCE-A98B7FAC8D61}.Debug|Any CPU.ActiveCfg = Debug|Any CPU
		{B51B3354-2144-4DF2-BFCE-A98B7FAC8D61}.Debug|Any CPU.Build.0 = Debug|Any CPU
		{B51B3354-2144-4DF2-BFCE-A98B7FAC8D61}.Release|Any CPU.ActiveCfg = Release|Any CPU
		{B51B3354-2144-4DF2-BFCE-A98B7FAC8D61}.Release|Any CPU.Build.0 = Release|Any CPU
	EndGlobalSection
	GlobalSection(SolutionProperties) = preSolution
		HideSolutionNode = FALSE
	EndGlobalSection
	GlobalSection(NestedProjects) = preSolution
		{B1BEF3F1-8802-4A44-B5E9-DF5DD30C8CEC} = {D2B35330-08F5-4D5F-A728-F10546A4FD61}
		{0242A397-3B55-4173-94A8-E0ED540BC0CF} = {D2B35330-08F5-4D5F-A728-F10546A4FD61}
		{30C4FF58-2885-4813-87D3-6CDB05D53C99} = {D2B35330-08F5-4D5F-A728-F10546A4FD61}
		{1838F614-6036-4126-812D-4A7C4460A2FE} = {D2B35330-08F5-4D5F-A728-F10546A4FD61}
		{0951A54E-9614-47A7-8BAB-253807BF6513} = {D2B35330-08F5-4D5F-A728-F10546A4FD61}
		{07E97BD9-468A-4FCC-B2C8-53D9F40AAD6A} = {D2B35330-08F5-4D5F-A728-F10546A4FD61}
		{58297207-6842-4EC7-A9A3-CBD4C47D5D9B} = {D2B35330-08F5-4D5F-A728-F10546A4FD61}
		{B51B3354-2144-4DF2-BFCE-A98B7FAC8D61} = {D2B35330-08F5-4D5F-A728-F10546A4FD61}
	EndGlobalSection
	GlobalSection(ExtensibilityGlobals) = postSolution
		SolutionGuid = {79093C0A-F834-4F79-8027-84F12BB79F4C}
	EndGlobalSection
EndGlobal
